
Microsoft Visual Studio Solution File, Format Version 12.00
# Visual Studio Version 16
VisualStudioVersion = 16.0.29503.13
MinimumVisualStudioVersion = 10.0.40219.1
Project("{9A19103F-16F7-4668-BE54-9A1E7A4F7556}") = "Akelon.Auchan.DocFactory", "AkelonDocFactory\Akelon.Auchan.DocFactory.csproj", "{DDFF3388-5AB0-496E-8D0C-4A7F8C0BAAAA}"
EndProject
Project("{9A19103F-16F7-4668-BE54-9A1E7A4F7556}") = "ConsoleAppTest", "ConsoleAppTest\ConsoleAppTest.csproj", "{CD4B4CDE-340F-491E-9CB5-E66B1377E842}"
EndProject
Project("{FAE04EC0-301F-11D3-BF4B-00C04F79EFBC}") = "Akelon.Aushan.DocFactory.Test", "Akelon.Aushan.DocFactory.Test\Akelon.Aushan.DocFactory.Test.csproj", "{D75D4362-5004-4968-B250-50EFD851EF95}"
EndProject
Global
	GlobalSection(SolutionConfigurationPlatforms) = preSolution
		Debug|Any CPU = Debug|Any CPU
		Release|Any CPU = Release|Any CPU
	EndGlobalSection
	GlobalSection(ProjectConfigurationPlatforms) = postSolution
		{DDFF3388-5AB0-496E-8D0C-4A7F8C0BAAAA}.Debug|Any CPU.ActiveCfg = Debug|Any CPU
		{DDFF3388-5AB0-496E-8D0C-4A7F8C0BAAAA}.Debug|Any CPU.Build.0 = Debug|Any CPU
		{DDFF3388-5AB0-496E-8D0C-4A7F8C0BAAAA}.Release|Any CPU.ActiveCfg = Release|Any CPU
		{DDFF3388-5AB0-496E-8D0C-4A7F8C0BAAAA}.Release|Any CPU.Build.0 = Release|Any CPU
		{CD4B4CDE-340F-491E-9CB5-E66B1377E842}.Debug|Any CPU.ActiveCfg = Debug|Any CPU
		{CD4B4CDE-340F-491E-9CB5-E66B1377E842}.Debug|Any CPU.Build.0 = Debug|Any CPU
		{CD4B4CDE-340F-491E-9CB5-E66B1377E842}.Release|Any CPU.ActiveCfg = Release|Any CPU
		{CD4B4CDE-340F-491E-9CB5-E66B1377E842}.Release|Any CPU.Build.0 = Release|Any CPU
		{D75D4362-5004-4968-B250-50EFD851EF95}.Debug|Any CPU.ActiveCfg = Debug|Any CPU
		{D75D4362-5004-4968-B250-50EFD851EF95}.Debug|Any CPU.Build.0 = Debug|Any CPU
		{D75D4362-5004-4968-B250-50EFD851EF95}.Release|Any CPU.ActiveCfg = Release|Any CPU
		{D75D4362-5004-4968-B250-50EFD851EF95}.Release|Any CPU.Build.0 = Release|Any CPU
	EndGlobalSection
	GlobalSection(SolutionProperties) = preSolution
		HideSolutionNode = FALSE
	EndGlobalSection
	GlobalSection(ExtensibilityGlobals) = postSolution
		SolutionGuid = {0ACC5D08-FB5D-4C4B-A237-54408A946E61}
	EndGlobalSection
EndGlobal
